
Microsoft Visual Studio Solution File, Format Version 12.00
# Visual Studio 15
VisualStudioVersion = 15.0.27428.2027
MinimumVisualStudioVersion = 10.0.40219.1
Project("{9A19103F-16F7-4668-BE54-9A1E7A4F7556}") = "DdConstruction", "DdConstruction\DdConstruction.csproj", "{000F2E06-57C8-4D90-814C-322EAA029E79}"
EndProject
Project("{9A19103F-16F7-4668-BE54-9A1E7A4F7556}") = "DalContext", "DalContext\DalContext.csproj", "{C317C703-592E-4D0A-ACC8-D14EEB6275EF}"
EndProject
Project("{00D1A9C2-B5F0-4AF3-8072-F6C62B433612}") = "Database", "Database\Database.sqlproj", "{1A446CD3-0AEE-44A0-BAB9-1BCA4EF0114B}"
EndProject
Project("{FAE04EC0-301F-11D3-BF4B-00C04F79EFBC}") = "DdConstruction.Service", "DdConstruction.Service\DdConstruction.Service.csproj", "{1B97CA96-2987-48FF-A612-BD3088CF15FD}"
EndProject
Project("{FAE04EC0-301F-11D3-BF4B-00C04F79EFBC}") = "DdConstruction.DomainModel", "DdConstruction.DomainModel\DdConstruction.DomainModel.csproj", "{0358B4C8-4767-435B-99E8-68CB126AEE40}"
EndProject
Global
	GlobalSection(SolutionConfigurationPlatforms) = preSolution
		Debug|Any CPU = Debug|Any CPU
		Release|Any CPU = Release|Any CPU
	EndGlobalSection
	GlobalSection(ProjectConfigurationPlatforms) = postSolution
		{000F2E06-57C8-4D90-814C-322EAA029E79}.Debug|Any CPU.ActiveCfg = Debug|Any CPU
		{000F2E06-57C8-4D90-814C-322EAA029E79}.Debug|Any CPU.Build.0 = Debug|Any CPU
		{000F2E06-57C8-4D90-814C-322EAA029E79}.Release|Any CPU.ActiveCfg = Release|Any CPU
		{000F2E06-57C8-4D90-814C-322EAA029E79}.Release|Any CPU.Build.0 = Release|Any CPU
		{C317C703-592E-4D0A-ACC8-D14EEB6275EF}.Debug|Any CPU.ActiveCfg = Debug|Any CPU
		{C317C703-592E-4D0A-ACC8-D14EEB6275EF}.Debug|Any CPU.Build.0 = Debug|Any CPU
		{C317C703-592E-4D0A-ACC8-D14EEB6275EF}.Release|Any CPU.ActiveCfg = Release|Any CPU
		{C317C703-592E-4D0A-ACC8-D14EEB6275EF}.Release|Any CPU.Build.0 = Release|Any CPU
		{1A446CD3-0AEE-44A0-BAB9-1BCA4EF0114B}.Debug|Any CPU.ActiveCfg = Debug|Any CPU
		{1A446CD3-0AEE-44A0-BAB9-1BCA4EF0114B}.Debug|Any CPU.Build.0 = Debug|Any CPU
		{1A446CD3-0AEE-44A0-BAB9-1BCA4EF0114B}.Debug|Any CPU.Deploy.0 = Debug|Any CPU
		{1A446CD3-0AEE-44A0-BAB9-1BCA4EF0114B}.Release|Any CPU.ActiveCfg = Release|Any CPU
		{1A446CD3-0AEE-44A0-BAB9-1BCA4EF0114B}.Release|Any CPU.Build.0 = Release|Any CPU
		{1A446CD3-0AEE-44A0-BAB9-1BCA4EF0114B}.Release|Any CPU.Deploy.0 = Release|Any CPU
		{1B97CA96-2987-48FF-A612-BD3088CF15FD}.Debug|Any CPU.ActiveCfg = Debug|Any CPU
		{1B97CA96-2987-48FF-A612-BD3088CF15FD}.Debug|Any CPU.Build.0 = Debug|Any CPU
		{1B97CA96-2987-48FF-A612-BD3088CF15FD}.Release|Any CPU.ActiveCfg = Release|Any CPU
		{1B97CA96-2987-48FF-A612-BD3088CF15FD}.Release|Any CPU.Build.0 = Release|Any CPU
		{0358B4C8-4767-435B-99E8-68CB126AEE40}.Debug|Any CPU.ActiveCfg = Debug|Any CPU
		{0358B4C8-4767-435B-99E8-68CB126AEE40}.Debug|Any CPU.Build.0 = Debug|Any CPU
		{0358B4C8-4767-435B-99E8-68CB126AEE40}.Release|Any CPU.ActiveCfg = Release|Any CPU
		{0358B4C8-4767-435B-99E8-68CB126AEE40}.Release|Any CPU.Build.0 = Release|Any CPU
	EndGlobalSection
	GlobalSection(SolutionProperties) = preSolution
		HideSolutionNode = FALSE
	EndGlobalSection
	GlobalSection(ExtensibilityGlobals) = postSolution
		SolutionGuid = {8DCC2BFE-E639-409F-BC45-9317732BB4DF}
	EndGlobalSection
EndGlobal
