{
  "requires": true,
  "lockfileVersion": 1,
  "dependencies": {
    "@types/angular": {
      "version": "1.6.51",
      "resolved": "https://registry.npmjs.org/@types/angular/-/angular-1.6.51.tgz",
      "integrity": "sha512-wYU+/zlJWih7ZmonWVjGQ18tG7GboI9asMNjRBM5fpIFJWXSioQttCTw9qGL44cP82ghM8sCV9apEqm1zBDq2w=="
    },
    "@types/angular-toastr": {
      "version": "1.6.33",
      "resolved": "https://registry.npmjs.org/@types/angular-toastr/-/angular-toastr-1.6.33.tgz",
      "integrity": "sha512-RZYfGi/1bwKgixP+qBfLMiQUJwvg/qcdReStwPvbEQE57xX0WIlJPJE4xoXiD2OFThI8+I8WwtyTq2CHvYZkzw==",
      "requires": {
        "@types/angular": "*"
      }
    },
    "angular": {
      "version": "1.6.9",
      "resolved": "https://registry.npmjs.org/angular/-/angular-1.6.9.tgz",
      "integrity": "sha512-6igWH2GIsxV+J38wNWCh8oyjaZsrIPIDO35twloIUyjlF2Yit6UyLAWujHP05ma/LFxTsx4NtYibRoMNBXPR1A=="
    },
    "angular-animate": {
      "version": "1.7.5",
      "resolved": "https://registry.npmjs.org/angular-animate/-/angular-animate-1.7.5.tgz",
      "integrity": "sha512-kU/fHIGf2a4a3bH7E1tzALTHk+QfoUSCK9fEcMFisd6ZWvNDwPzXWAilItqOC3EDiAXPmGHaNc9/aXiD9xrAxQ=="
    },
    "angular-toastr": {
      "version": "2.1.1",
      "resolved": "https://registry.npmjs.org/angular-toastr/-/angular-toastr-2.1.1.tgz",
      "integrity": "sha1-n4NQykghRaRNARp1W4+zYj1gVEw="
    },
    "ngCart": {
      "version": "1.0.0",
      "resolved": "https://registry.npmjs.org/ngCart/-/ngCart-1.0.0.tgz",
      "integrity": "sha1-muv3EIv/SEA7tNFuGZ8Ixi5L/+8="
    }
  }
}
